
Microsoft Visual Studio Solution File, Format Version 12.00
# Visual Studio Version 16
VisualStudioVersion = 16.0.29728.190
MinimumVisualStudioVersion = 10.0.40219.1
Project("{FAE04EC0-301F-11D3-BF4B-00C04F79EFBC}") = "GameKeeper.BL", "GameKeeper.BL\GameKeeper.BL.csproj", "{B6B8C256-4495-48FC-8A5F-E5DAB466CF72}"
EndProject
Project("{FAE04EC0-301F-11D3-BF4B-00C04F79EFBC}") = "GameKeeper.UI", "GameKeeper.UI\GameKeeper.UI.csproj", "{C51C0715-D64F-4CA6-A78D-103BD4C2A5E5}"
EndProject
Global
	GlobalSection(SolutionConfigurationPlatforms) = preSolution
		Debug|Any CPU = Debug|Any CPU
		Release|Any CPU = Release|Any CPU
	EndGlobalSection
	GlobalSection(ProjectConfigurationPlatforms) = postSolution
		{B6B8C256-4495-48FC-8A5F-E5DAB466CF72}.Debug|Any CPU.ActiveCfg = Debug|Any CPU
		{B6B8C256-4495-48FC-8A5F-E5DAB466CF72}.Debug|Any CPU.Build.0 = Debug|Any CPU
		{B6B8C256-4495-48FC-8A5F-E5DAB466CF72}.Release|Any CPU.ActiveCfg = Release|Any CPU
		{B6B8C256-4495-48FC-8A5F-E5DAB466CF72}.Release|Any CPU.Build.0 = Release|Any CPU
		{C51C0715-D64F-4CA6-A78D-103BD4C2A5E5}.Debug|Any CPU.ActiveCfg = Debug|Any CPU
		{C51C0715-D64F-4CA6-A78D-103BD4C2A5E5}.Debug|Any CPU.Build.0 = Debug|Any CPU
		{C51C0715-D64F-4CA6-A78D-103BD4C2A5E5}.Release|Any CPU.ActiveCfg = Release|Any CPU
		{C51C0715-D64F-4CA6-A78D-103BD4C2A5E5}.Release|Any CPU.Build.0 = Release|Any CPU
	EndGlobalSection
	GlobalSection(SolutionProperties) = preSolution
		HideSolutionNode = FALSE
	EndGlobalSection
	GlobalSection(ExtensibilityGlobals) = postSolution
		SolutionGuid = {CC3E445F-3DFD-435D-AD1B-75050093294B}
	EndGlobalSection
EndGlobal
